
Microsoft Visual Studio Solution File, Format Version 12.00
# Visual Studio Version 17
VisualStudioVersion = 17.1.32210.238
MinimumVisualStudioVersion = 10.0.40219.1
Project("{9A19103F-16F7-4668-BE54-9A1E7A4F7556}") = "Test", "Test\Test.csproj", "{4664EF72-7A4D-4D08-A0C9-6394D2F9FD3E}"
EndProject
Project("{FAE04EC0-301F-11D3-BF4B-00C04F79EFBC}") = "TestProject1", "TestProject1\TestProject1.csproj", "{D34AD5C2-A1EA-472F-B6B6-52504CA6654D}"
EndProject
Global
	GlobalSection(SolutionConfigurationPlatforms) = preSolution
		Debug|Any CPU = Debug|Any CPU
		Release|Any CPU = Release|Any CPU
	EndGlobalSection
	GlobalSection(ProjectConfigurationPlatforms) = postSolution
		{4664EF72-7A4D-4D08-A0C9-6394D2F9FD3E}.Debug|Any CPU.ActiveCfg = Debug|Any CPU
		{4664EF72-7A4D-4D08-A0C9-6394D2F9FD3E}.Debug|Any CPU.Build.0 = Debug|Any CPU
		{4664EF72-7A4D-4D08-A0C9-6394D2F9FD3E}.Release|Any CPU.ActiveCfg = Release|Any CPU
		{4664EF72-7A4D-4D08-A0C9-6394D2F9FD3E}.Release|Any CPU.Build.0 = Release|Any CPU
		{D34AD5C2-A1EA-472F-B6B6-52504CA6654D}.Debug|Any CPU.ActiveCfg = Debug|Any CPU
		{D34AD5C2-A1EA-472F-B6B6-52504CA6654D}.Debug|Any CPU.Build.0 = Debug|Any CPU
		{D34AD5C2-A1EA-472F-B6B6-52504CA6654D}.Release|Any CPU.ActiveCfg = Release|Any CPU
		{D34AD5C2-A1EA-472F-B6B6-52504CA6654D}.Release|Any CPU.Build.0 = Release|Any CPU
	EndGlobalSection
	GlobalSection(SolutionProperties) = preSolution
		HideSolutionNode = FALSE
	EndGlobalSection
	GlobalSection(ExtensibilityGlobals) = postSolution
		SolutionGuid = {40716246-DCCE-4546-BEB0-81B59A51BC68}
	EndGlobalSection
EndGlobal
